
Microsoft Visual Studio Solution File, Format Version 10.00
# Visual C++ Express 2008
Project("{8BC9CEB8-8B4A-11D0-8D11-00A0C91BC942}") = "FontProbe", "FontProbe\FontProbe.vcproj", "{58D2D0C6-6A72-4855-8717-B32B636BC9F8}"
EndProject
Global
	GlobalSection(SolutionConfigurationPlatforms) = preSolution
		Debug|Win32 = Debug|Win32
		Release|Win32 = Release|Win32
	EndGlobalSection
	GlobalSection(ProjectConfigurationPlatforms) = postSolution
		{58D2D0C6-6A72-4855-8717-B32B636BC9F8}.Debug|Win32.ActiveCfg = Debug|Win32
		{58D2D0C6-6A72-4855-8717-B32B636BC9F8}.Debug|Win32.Build.0 = Debug|Win32
		{58D2D0C6-6A72-4855-8717-B32B636BC9F8}.Release|Win32.ActiveCfg = Release|Win32
		{58D2D0C6-6A72-4855-8717-B32B636BC9F8}.Release|Win32.Build.0 = Release|Win32
	EndGlobalSection
	GlobalSection(SolutionProperties) = preSolution
		HideSolutionNode = FALSE
	EndGlobalSection
EndGlobal
